Microsoft Visual Studio Solution File, Format Version 12.00
# Visual Studio Version 17
VisualStudioVersion = 17.5.2.0
MinimumVisualStudioVersion = 10.0.40219.1
Project("{FAE04EC0-301F-11D3-BF4B-00C04F79EFBC}") = "curenccy", "curenccy.csproj", "{A06B2704-FEBB-2081-134A-4441A7B17F72}"
EndProject
Global
	GlobalSection(SolutionConfigurationPlatforms) = preSolution
		Debug|Any CPU = Debug|Any CPU
		Release|Any CPU = Release|Any CPU
	EndGlobalSection
	GlobalSection(ProjectConfigurationPlatforms) = postSolution
		{A06B2704-FEBB-2081-134A-4441A7B17F72}.Debug|Any CPU.ActiveCfg = Debug|Any CPU
		{A06B2704-FEBB-2081-134A-4441A7B17F72}.Debug|Any CPU.Build.0 = Debug|Any CPU
		{A06B2704-FEBB-2081-134A-4441A7B17F72}.Release|Any CPU.ActiveCfg = Release|Any CPU
		{A06B2704-FEBB-2081-134A-4441A7B17F72}.Release|Any CPU.Build.0 = Release|Any CPU
	EndGlobalSection
	GlobalSection(SolutionProperties) = preSolution
		HideSolutionNode = FALSE
	EndGlobalSection
	GlobalSection(ExtensibilityGlobals) = postSolution
		SolutionGuid = {AFED5F0E-6931-40D9-97B9-8C177FE2BD7A}
	EndGlobalSection
EndGlobal
